{
  "name": "vuepress-plugin-live2d",
  "version": "1.0.0",
  "lockfileVersion": 1,
  "requires": true,
  "dependencies": {
    "axios": {
      "version": "0.20.0",
      "resolved": "https://registry.npmjs.org/axios/-/axios-0.20.0.tgz",
      "integrity": "sha512-ANA4rr2BDcmmAQLOKft2fufrtuvlqR+cXNNinUmvfeSNCOF98PZL+7M/v1zIdGo7OLjEA9J2gXJL+j4zGsl0bA==",
      "requires": {
        "follow-redirects": "^1.10.0"
      }
    },
    "core-js": {
      "version": "3.15.2",
      "resolved": "https://registry.npmjs.org/core-js/-/core-js-3.15.2.tgz",
      "integrity": "sha512-tKs41J7NJVuaya8DxIOCnl8QuPHx5/ZVbFo1oKgVl1qHFBBrDctzQGtuLjPpRdNTWmKPH6oEvgN/MUID+l485Q=="
    },
    "follow-redirects": {
      "version": "1.14.1",
      "resolved": "https://registry.npmjs.org/follow-redirects/-/follow-redirects-1.14.1.tgz",
      "integrity": "sha512-HWqDgT7ZEkqRzBvc2s64vSZ/hfOceEol3ac/7tKwzuvEyWx3/4UegXh5oBOIotkGsObyk3xznnSRVADBgWSQVg=="
    },
    "font-awesome": {
      "version": "4.7.0",
      "resolved": "https://registry.npmjs.org/font-awesome/-/font-awesome-4.7.0.tgz",
      "integrity": "sha1-j6jPBBGhoxr9B7BtKQK7n8gVoTM="
    },
    "is-mobile": {
      "version": "3.0.0",
      "resolved": "https://registry.npmjs.org/is-mobile/-/is-mobile-3.0.0.tgz",
      "integrity": "sha512-UruBjgykgDJ5zRpJ8Zgh9ZUe4jQaHD8klX9FlkOt0oPyu3FpwJpxHvKg4+lhJOWGxSrMKsRuPFk60xeltvyliQ=="
    },
    "vue": {
      "version": "2.6.14",
      "resolved": "https://registry.npmjs.org/vue/-/vue-2.6.14.tgz",
      "integrity": "sha512-x2284lgYvjOMj3Za7kqzRcUSxBboHqtgRE2zlos1qWaOye5yUmHn42LB1250NJBLRwEcdrB0JRwyPTEPhfQjiQ=="
    },
    "vue-live2d": {
      "version": "1.2.4",
      "resolved": "https://registry.npmjs.org/vue-live2d/-/vue-live2d-1.2.4.tgz",
      "integrity": "sha512-ev3skNte7QfysQrVRNi2LWN8W4azjWD2QRvxQKLAR31PKQREJMX95leLxTR/7YKpzmx8oVZ9C27+r4HeXlw6uA==",
      "requires": {
        "axios": "^0.20.0",
        "core-js": "^3.6.5",
        "font-awesome": "^4.7.0",
        "vue": "^2.6.11"
      }
    }
  }
}
